
Microsoft Visual Studio Solution File, Format Version 12.00
# Visual Studio Version 16
VisualStudioVersion = 16.0.29613.14
MinimumVisualStudioVersion = 10.0.40219.1
Project("{9A19103F-16F7-4668-BE54-9A1E7A4F7556}") = "FindDevice", "FindDevice.csproj", "{4D16FFE4-27F0-41AA-BEFA-4D1EECF2E329}"
EndProject
Global
	GlobalSection(SolutionConfigurationPlatforms) = preSolution
		Debug|Any CPU = Debug|Any CPU
		Debug|ARM = Debug|ARM
		Debug|ARM64 = Debug|ARM64
		Debug|x64 = Debug|x64
		Debug|x86 = Debug|x86
		Release|Any CPU = Release|Any CPU
		Release|ARM = Release|ARM
		Release|ARM64 = Release|ARM64
		Release|x64 = Release|x64
		Release|x86 = Release|x86
	EndGlobalSection
	GlobalSection(ProjectConfigurationPlatforms) = postSolution
		{4D16FFE4-27F0-41AA-BEFA-4D1EECF2E329}.Debug|Any CPU.ActiveCfg = Debug|Any CPU
		{4D16FFE4-27F0-41AA-BEFA-4D1EECF2E329}.Debug|Any CPU.Build.0 = Debug|Any CPU
		{4D16FFE4-27F0-41AA-BEFA-4D1EECF2E329}.Debug|ARM.ActiveCfg = Debug|Any CPU
		{4D16FFE4-27F0-41AA-BEFA-4D1EECF2E329}.Debug|ARM.Build.0 = Debug|Any CPU
		{4D16FFE4-27F0-41AA-BEFA-4D1EECF2E329}.Debug|ARM64.ActiveCfg = Debug|Any CPU
		{4D16FFE4-27F0-41AA-BEFA-4D1EECF2E329}.Debug|ARM64.Build.0 = Debug|Any CPU
		{4D16FFE4-27F0-41AA-BEFA-4D1EECF2E329}.Debug|x64.ActiveCfg = Debug|Any CPU
		{4D16FFE4-27F0-41AA-BEFA-4D1EECF2E329}.Debug|x64.Build.0 = Debug|Any CPU
		{4D16FFE4-27F0-41AA-BEFA-4D1EECF2E329}.Debug|x86.ActiveCfg = Debug|Any CPU
		{4D16FFE4-27F0-41AA-BEFA-4D1EECF2E329}.Debug|x86.Build.0 = Debug|Any CPU
		{4D16FFE4-27F0-41AA-BEFA-4D1EECF2E329}.Release|Any CPU.ActiveCfg = Release|Any CPU
		{4D16FFE4-27F0-41AA-BEFA-4D1EECF2E329}.Release|Any CPU.Build.0 = Release|Any CPU
		{4D16FFE4-27F0-41AA-BEFA-4D1EECF2E329}.Release|ARM.ActiveCfg = Release|Any CPU
		{4D16FFE4-27F0-41AA-BEFA-4D1EECF2E329}.Release|ARM.Build.0 = Release|Any CPU
		{4D16FFE4-27F0-41AA-BEFA-4D1EECF2E329}.Release|ARM64.ActiveCfg = Release|Any CPU
		{4D16FFE4-27F0-41AA-BEFA-4D1EECF2E329}.Release|ARM64.Build.0 = Release|Any CPU
		{4D16FFE4-27F0-41AA-BEFA-4D1EECF2E329}.Release|x64.ActiveCfg = Release|Any CPU
		{4D16FFE4-27F0-41AA-BEFA-4D1EECF2E329}.Release|x64.Build.0 = Release|Any CPU
		{4D16FFE4-27F0-41AA-BEFA-4D1EECF2E329}.Release|x86.ActiveCfg = Release|Any CPU
		{4D16FFE4-27F0-41AA-BEFA-4D1EECF2E329}.Release|x86.Build.0 = Release|Any CPU
	EndGlobalSection
	GlobalSection(SolutionProperties) = preSolution
		HideSolutionNode = FALSE
	EndGlobalSection
	GlobalSection(ExtensibilityGlobals) = postSolution
		SolutionGuid = {0F2DCC00-ECE0-46B0-A336-9D792647A5B5}
	EndGlobalSection
EndGlobal
